
Microsoft Visual Studio Solution File, Format Version 12.00
# Visual Studio Version 16
VisualStudioVersion = 16.0.32228.343
MinimumVisualStudioVersion = 10.0.40219.1
Project("{8BC9CEB8-8B4A-11D0-8D11-00A0C91BC942}") = "AoS_2022", "AoS_2022\AoS_2022.vcxproj", "{56DB93D3-7C86-4BC3-9531-DBE33607CDD5}"
EndProject
Global
	GlobalSection(SolutionConfigurationPlatforms) = preSolution
		Debug|x64 = Debug|x64
		Debug|x86 = Debug|x86
		Release|x64 = Release|x64
		Release|x86 = Release|x86
	EndGlobalSection
	GlobalSection(ProjectConfigurationPlatforms) = postSolution
		{56DB93D3-7C86-4BC3-9531-DBE33607CDD5}.Debug|x64.ActiveCfg = Debug|x64
		{56DB93D3-7C86-4BC3-9531-DBE33607CDD5}.Debug|x64.Build.0 = Debug|x64
		{56DB93D3-7C86-4BC3-9531-DBE33607CDD5}.Debug|x86.ActiveCfg = Debug|Win32
		{56DB93D3-7C86-4BC3-9531-DBE33607CDD5}.Debug|x86.Build.0 = Debug|Win32
		{56DB93D3-7C86-4BC3-9531-DBE33607CDD5}.Release|x64.ActiveCfg = Release|x64
		{56DB93D3-7C86-4BC3-9531-DBE33607CDD5}.Release|x64.Build.0 = Release|x64
		{56DB93D3-7C86-4BC3-9531-DBE33607CDD5}.Release|x86.ActiveCfg = Release|Win32
		{56DB93D3-7C86-4BC3-9531-DBE33607CDD5}.Release|x86.Build.0 = Release|Win32
	EndGlobalSection
	GlobalSection(SolutionProperties) = preSolution
		HideSolutionNode = FALSE
	EndGlobalSection
	GlobalSection(ExtensibilityGlobals) = postSolution
		SolutionGuid = {18A386B6-7FFE-45B4-B9DA-1B55BB00F6BB}
	EndGlobalSection
EndGlobal
